
Microsoft Visual Studio Solution File, Format Version 12.00
# Visual Studio Version 16
VisualStudioVersion = 25.0.1705.0
MinimumVisualStudioVersion = 10.0.40219.1
Project("{FAE04EC0-301F-11D3-BF4B-00C04F79EFBC}") = "state-schema-gen", "json-schema\state-schema-gen.csproj", "{8B0D535C-1F10-427A-A053-68E610E169A3}"
EndProject
Global
	GlobalSection(SolutionConfigurationPlatforms) = preSolution
		Debug|Any CPU = Debug|Any CPU
		Release|Any CPU = Release|Any CPU
	EndGlobalSection
	GlobalSection(ProjectConfigurationPlatforms) = postSolution
		{8B0D535C-1F10-427A-A053-68E610E169A3}.Debug|Any CPU.ActiveCfg = Debug|Any CPU
		{8B0D535C-1F10-427A-A053-68E610E169A3}.Debug|Any CPU.Build.0 = Debug|Any CPU
		{8B0D535C-1F10-427A-A053-68E610E169A3}.Release|Any CPU.ActiveCfg = Release|Any CPU
		{8B0D535C-1F10-427A-A053-68E610E169A3}.Release|Any CPU.Build.0 = Release|Any CPU
	EndGlobalSection
	GlobalSection(SolutionProperties) = preSolution
		HideSolutionNode = FALSE
	EndGlobalSection
	GlobalSection(ExtensibilityGlobals) = postSolution
		SolutionGuid = {59B99E72-ABFF-4E03-9239-A496E9CEE339}
	EndGlobalSection
EndGlobal
